
Microsoft Visual Studio Solution File, Format Version 10.00
# Visual Studio 2008
Project("{8BC9CEB8-8B4A-11D0-8D11-00A0C91BC942}") = "ns2hdf", "ns2hdf\ns2hdf.vcproj", "{A169CED9-E23F-4736-A8DF-B5FD82A3451B}"
EndProject
Global
	GlobalSection(SolutionConfigurationPlatforms) = preSolution
		Debug|Win32 = Debug|Win32
		Release|Win32 = Release|Win32
	EndGlobalSection
	GlobalSection(ProjectConfigurationPlatforms) = postSolution
		{A169CED9-E23F-4736-A8DF-B5FD82A3451B}.Debug|Win32.ActiveCfg = Debug|Win32
		{A169CED9-E23F-4736-A8DF-B5FD82A3451B}.Debug|Win32.Build.0 = Debug|Win32
		{A169CED9-E23F-4736-A8DF-B5FD82A3451B}.Release|Win32.ActiveCfg = Release|Win32
		{A169CED9-E23F-4736-A8DF-B5FD82A3451B}.Release|Win32.Build.0 = Release|Win32
	EndGlobalSection
	GlobalSection(SolutionProperties) = preSolution
		HideSolutionNode = FALSE
	EndGlobalSection
EndGlobal
